
Microsoft Visual Studio Solution File, Format Version 12.00
# Visual Studio Version 17
VisualStudioVersion = 17.9.34616.47
MinimumVisualStudioVersion = 10.0.40219.1
Project("{FAE04EC0-301F-11D3-BF4B-00C04F79EFBC}") = "Async", "Async.csproj", "{E70FCE1D-4963-4C3B-A4C8-50A094FDC520}"
EndProject
Global
	GlobalSection(SolutionConfigurationPlatforms) = preSolution
		Debug|Any CPU = Debug|Any CPU
		Release|Any CPU = Release|Any CPU
	EndGlobalSection
	GlobalSection(ProjectConfigurationPlatforms) = postSolution
		{E70FCE1D-4963-4C3B-A4C8-50A094FDC520}.Debug|Any CPU.ActiveCfg = Debug|Any CPU
		{E70FCE1D-4963-4C3B-A4C8-50A094FDC520}.Debug|Any CPU.Build.0 = Debug|Any CPU
		{E70FCE1D-4963-4C3B-A4C8-50A094FDC520}.Release|Any CPU.ActiveCfg = Release|Any CPU
		{E70FCE1D-4963-4C3B-A4C8-50A094FDC520}.Release|Any CPU.Build.0 = Release|Any CPU
	EndGlobalSection
	GlobalSection(SolutionProperties) = preSolution
		HideSolutionNode = FALSE
	EndGlobalSection
	GlobalSection(ExtensibilityGlobals) = postSolution
		SolutionGuid = {B6074CB3-BCCB-4331-800B-796E05691904}
	EndGlobalSection
EndGlobal
